// !$*UTF8*$!
{
	archiveVersion = 1;
	classes = {
	};
	objectVersion = 46;
	objects = {

/* Begin PBXBuildFile section */
		AD24FF121A66D78800882EA8 /* VOSWineryModel.m in Sources */ = {isa = PBXBuildFile; fileRef = AD24FF111A66D78800882EA8 /* VOSWineryModel.m */; };
		AD2A57671A673A11009DDC38 /* VOSWineryTableViewController.m in Sources */ = {isa = PBXBuildFile; fileRef = AD2A57661A673A11009DDC38 /* VOSWineryTableViewController.m */; };
		AD64D3751A4D767300FD7E64 /* splitView_score_glass@2x.png in Resources */ = {isa = PBXBuildFile; fileRef = AD64D3741A4D767300FD7E64 /* splitView_score_glass@2x.png */; };
		AD64D3781A4D781100FD7E64 /* bembibre.jpg in Resources */ = {isa = PBXBuildFile; fileRef = AD64D3771A4D781100FD7E64 /* bembibre.jpg */; };
		AD64D37C1A4D8CA100FD7E64 /* VOSWebViewController.m in Sources */ = {isa = PBXBuildFile; fileRef = AD64D37A1A4D8CA100FD7E64 /* VOSWebViewController.m */; };
		AD64D37D1A4D8CA100FD7E64 /* VOSWebViewController.xib in Resources */ = {isa = PBXBuildFile; fileRef = AD64D37B1A4D8CA100FD7E64 /* VOSWebViewController.xib */; };
		AD66F0B01A49644E002B2E20 /* main.m in Sources */ = {isa = PBXBuildFile; fileRef = AD66F0AF1A49644E002B2E20 /* main.m */; };
		AD66F0B31A49644E002B2E20 /* AppDelegate.m in Sources */ = {isa = PBXBuildFile; fileRef = AD66F0B21A49644E002B2E20 /* AppDelegate.m */; };
		AD66F0B51A49644E002B2E20 /* Images.xcassets in Resources */ = {isa = PBXBuildFile; fileRef = AD66F0B41A49644E002B2E20 /* Images.xcassets */; };
		AD66F0B81A49644E002B2E20 /* LaunchScreen.xib in Resources */ = {isa = PBXBuildFile; fileRef = AD66F0B61A49644E002B2E20 /* LaunchScreen.xib */; };
		AD66F0C41A49644E002B2E20 /* BaccusTests.m in Sources */ = {isa = PBXBuildFile; fileRef = AD66F0C31A49644E002B2E20 /* BaccusTests.m */; };
		AD66F0CF1A496BB4002B2E20 /* VOSWineModel.m in Sources */ = {isa = PBXBuildFile; fileRef = AD66F0CE1A496BB4002B2E20 /* VOSWineModel.m */; };
		AD66F0D41A4978AC002B2E20 /* VOSWineViewController.m in Sources */ = {isa = PBXBuildFile; fileRef = AD66F0D21A4978AC002B2E20 /* VOSWineViewController.m */; };
		AD66F0D51A4978AC002B2E20 /* VOSWineViewController.xib in Resources */ = {isa = PBXBuildFile; fileRef = AD66F0D31A4978AC002B2E20 /* VOSWineViewController.xib */; };
		AD8579351A517E5E00B83478 /* address-book-icon@2x.png in Resources */ = {isa = PBXBuildFile; fileRef = AD8579341A517E5E00B83478 /* address-book-icon@2x.png */; };
		AD8579371A517F2100B83478 /* attachment_note_mini@2x.png in Resources */ = {isa = PBXBuildFile; fileRef = AD8579361A517F2100B83478 /* attachment_note_mini@2x.png */; };
		ADFFFFE01A4EC6AC00A76856 /* comtesDeChampagne.jpg in Resources */ = {isa = PBXBuildFile; fileRef = ADFFFFDE1A4EC6AC00A76856 /* comtesDeChampagne.jpg */; };
		ADFFFFE11A4EC6AC00A76856 /* zarate.gif in Resources */ = {isa = PBXBuildFile; fileRef = ADFFFFDF1A4EC6AC00A76856 /* zarate.gif */; };
/* End PBXBuildFile section */

/* Begin PBXContainerItemProxy section */
		AD66F0BE1A49644E002B2E20 /* PBXContainerItemProxy */ = {
			isa = PBXContainerItemProxy;
			containerPortal = AD66F0A21A49644E002B2E20 /* Project object */;
			proxyType = 1;
			remoteGlobalIDString = AD66F0A91A49644E002B2E20;
			remoteInfo = Baccus;
		};
/* End PBXContainerItemProxy section */

/* Begin PBXFileReference section */
		AD24FF101A66D78800882EA8 /* VOSWineryModel.h */ = {isa = PBXFileReference; fileEncoding = 4; lastKnownFileType = sourcecode.c.h; path = VOSWineryModel.h; sourceTree = "<group>"; };
		AD24FF111A66D78800882EA8 /* VOSWineryModel.m */ = {isa = PBXFileReference; fileEncoding = 4; lastKnownFileType = sourcecode.c.objc; path = VOSWineryModel.m; sourceTree = "<group>"; };
		AD2A57651A673A11009DDC38 /* VOSWineryTableViewController.h */ = {isa = PBXFileReference; fileEncoding = 4; lastKnownFileType = sourcecode.c.h; path = VOSWineryTableViewController.h; sourceTree = "<group>"; };
		AD2A57661A673A11009DDC38 /* VOSWineryTableViewController.m */ = {isa = PBXFileReference; fileEncoding = 4; lastKnownFileType = sourcecode.c.objc; path = VOSWineryTableViewController.m; sourceTree = "<group>"; };
		AD64D3741A4D767300FD7E64 /* splitView_score_glass@2x.png */ = {isa = PBXFileReference; lastKnownFileType = image.png; path = "splitView_score_glass@2x.png"; sourceTree = "<group>"; };
		AD64D3771A4D781100FD7E64 /* bembibre.jpg */ = {isa = PBXFileReference; lastKnownFileType = image.jpeg; path = bembibre.jpg; sourceTree = "<group>"; };
		AD64D3791A4D8CA100FD7E64 /* VOSWebViewController.h */ = {isa = PBXFileReference; fileEncoding = 4; lastKnownFileType = sourcecode.c.h; path = VOSWebViewController.h; sourceTree = "<group>"; };
		AD64D37A1A4D8CA100FD7E64 /* VOSWebViewController.m */ = {isa = PBXFileReference; fileEncoding = 4; lastKnownFileType = sourcecode.c.objc; path = VOSWebViewController.m; sourceTree = "<group>"; };
		AD64D37B1A4D8CA100FD7E64 /* VOSWebViewController.xib */ = {isa = PBXFileReference; fileEncoding = 4; lastKnownFileType = file.xib; path = VOSWebViewController.xib; sourceTree = "<group>"; };
		AD66F0AA1A49644E002B2E20 /* Baccus.app */ = {isa = PBXFileReference; explicitFileType = wrapper.application; includeInIndex = 0; path = Baccus.app; sourceTree = BUILT_PRODUCTS_DIR; };
		AD66F0AE1A49644E002B2E20 /* Info.plist */ = {isa = PBXFileReference; lastKnownFileType = text.plist.xml; path = Info.plist; sourceTree = "<group>"; };
		AD66F0AF1A49644E002B2E20 /* main.m */ = {isa = PBXFileReference; lastKnownFileType = sourcecode.c.objc; path = main.m; sourceTree = "<group>"; };
		AD66F0B11A49644E002B2E20 /* AppDelegate.h */ = {isa = PBXFileReference; lastKnownFileType = sourcecode.c.h; path = AppDelegate.h; sourceTree = "<group>"; };
		AD66F0B21A49644E002B2E20 /* AppDelegate.m */ = {isa = PBXFileReference; lastKnownFileType = sourcecode.c.objc; path = AppDelegate.m; sourceTree = "<group>"; };
		AD66F0B41A49644E002B2E20 /* Images.xcassets */ = {isa = PBXFileReference; lastKnownFileType = folder.assetcatalog; path = Images.xcassets; sourceTree = "<group>"; };
		AD66F0B71A49644E002B2E20 /* Base */ = {isa = PBXFileReference; lastKnownFileType = file.xib; name = Base; path = Base.lproj/LaunchScreen.xib; sourceTree = "<group>"; };
		AD66F0BD1A49644E002B2E20 /* BaccusTests.xctest */ = {isa = PBXFileReference; explicitFileType = wrapper.cfbundle; includeInIndex = 0; path = BaccusTests.xctest; sourceTree = BUILT_PRODUCTS_DIR; };
		AD66F0C21A49644E002B2E20 /* Info.plist */ = {isa = PBXFileReference; lastKnownFileType = text.plist.xml; path = Info.plist; sourceTree = "<group>"; };
		AD66F0C31A49644E002B2E20 /* BaccusTests.m */ = {isa = PBXFileReference; lastKnownFileType = sourcecode.c.objc; path = BaccusTests.m; sourceTree = "<group>"; };
		AD66F0CD1A496BB4002B2E20 /* VOSWineModel.h */ = {isa = PBXFileReference; fileEncoding = 4; lastKnownFileType = sourcecode.c.h; path = VOSWineModel.h; sourceTree = "<group>"; };
		AD66F0CE1A496BB4002B2E20 /* VOSWineModel.m */ = {isa = PBXFileReference; fileEncoding = 4; lastKnownFileType = sourcecode.c.objc; path = VOSWineModel.m; sourceTree = "<group>"; };
		AD66F0D11A4978AC002B2E20 /* VOSWineViewController.h */ = {isa = PBXFileReference; fileEncoding = 4; lastKnownFileType = sourcecode.c.h; path = VOSWineViewController.h; sourceTree = "<group>"; };
		AD66F0D21A4978AC002B2E20 /* VOSWineViewController.m */ = {isa = PBXFileReference; fileEncoding = 4; lastKnownFileType = sourcecode.c.objc; path = VOSWineViewController.m; sourceTree = "<group>"; };
		AD66F0D31A4978AC002B2E20 /* VOSWineViewController.xib */ = {isa = PBXFileReference; fileEncoding = 4; lastKnownFileType = file.xib; path = VOSWineViewController.xib; sourceTree = "<group>"; };
		AD8579341A517E5E00B83478 /* address-book-icon@2x.png */ = {isa = PBXFileReference; lastKnownFileType = image.png; path = "address-book-icon@2x.png"; sourceTree = "<group>"; };
		AD8579361A517F2100B83478 /* attachment_note_mini@2x.png */ = {isa = PBXFileReference; lastKnownFileType = image.png; path = "attachment_note_mini@2x.png"; sourceTree = "<group>"; };
		ADFFFFDE1A4EC6AC00A76856 /* comtesDeChampagne.jpg */ = {isa = PBXFileReference; lastKnownFileType = image.jpeg; path = comtesDeChampagne.jpg; sourceTree = "<group>"; };
		ADFFFFDF1A4EC6AC00A76856 /* zarate.gif */ = {isa = PBXFileReference; lastKnownFileType = image.gif; path = zarate.gif; sourceTree = "<group>"; };
/* End PBXFileReference section */

/* Begin PBXFrameworksBuildPhase section */
		AD66F0A71A49644E002B2E20 /* Frameworks */ = {
			isa = PBXFrameworksBuildPhase;
			buildActionMask = 2147483647;
			files = (
			);
			runOnlyForDeploymentPostprocessing = 0;
		};
		AD66F0BA1A49644E002B2E20 /* Frameworks */ = {
			isa = PBXFrameworksBuildPhase;
			buildActionMask = 2147483647;
			files = (
			);
			runOnlyForDeploymentPostprocessing = 0;
		};
/* End PBXFrameworksBuildPhase section */

/* Begin PBXGroup section */
		AD64D3761A4D76C500FD7E64 /* Resources */ = {
			isa = PBXGroup;
			children = (
				AD8579361A517F2100B83478 /* attachment_note_mini@2x.png */,
				AD8579341A517E5E00B83478 /* address-book-icon@2x.png */,
				ADFFFFDE1A4EC6AC00A76856 /* comtesDeChampagne.jpg */,
				ADFFFFDF1A4EC6AC00A76856 /* zarate.gif */,
				AD64D3771A4D781100FD7E64 /* bembibre.jpg */,
				AD64D3741A4D767300FD7E64 /* splitView_score_glass@2x.png */,
			);
			name = Resources;
			sourceTree = "<group>";
		};
		AD66F0A11A49644E002B2E20 = {
			isa = PBXGroup;
			children = (
				AD66F0AC1A49644E002B2E20 /* Baccus */,
				AD66F0C01A49644E002B2E20 /* BaccusTests */,
				AD66F0AB1A49644E002B2E20 /* Products */,
			);
			sourceTree = "<group>";
		};
		AD66F0AB1A49644E002B2E20 /* Products */ = {
			isa = PBXGroup;
			children = (
				AD66F0AA1A49644E002B2E20 /* Baccus.app */,
				AD66F0BD1A49644E002B2E20 /* BaccusTests.xctest */,
			);
			name = Products;
			sourceTree = "<group>";
		};
		AD66F0AC1A49644E002B2E20 /* Baccus */ = {
			isa = PBXGroup;
			children = (
				AD66F0B11A49644E002B2E20 /* AppDelegate.h */,
				AD66F0B21A49644E002B2E20 /* AppDelegate.m */,
				AD66F0B41A49644E002B2E20 /* Images.xcassets */,
				AD66F0B61A49644E002B2E20 /* LaunchScreen.xib */,
				AD66F0AD1A49644E002B2E20 /* Supporting Files */,
				AD64D3761A4D76C500FD7E64 /* Resources */,
				AD66F0D01A496BC7002B2E20 /* Models */,
				AD66F0D61A4978BE002B2E20 /* Controlers */,
			);
			path = Baccus;
			sourceTree = "<group>";
		};
		AD66F0AD1A49644E002B2E20 /* Supporting Files */ = {
			isa = PBXGroup;
			children = (
				AD66F0AE1A49644E002B2E20 /* Info.plist */,
				AD66F0AF1A49644E002B2E20 /* main.m */,
			);
			name = "Supporting Files";
			sourceTree = "<group>";
		};
		AD66F0C01A49644E002B2E20 /* BaccusTests */ = {
			isa = PBXGroup;
			children = (
				AD66F0C31A49644E002B2E20 /* BaccusTests.m */,
				AD66F0C11A49644E002B2E20 /* Supporting Files */,
			);
			path = BaccusTests;
			sourceTree = "<group>";
		};
		AD66F0C11A49644E002B2E20 /* Supporting Files */ = {
			isa = PBXGroup;
			children = (
				AD66F0C21A49644E002B2E20 /* Info.plist */,
			);
			name = "Supporting Files";
			sourceTree = "<group>";
		};
		AD66F0D01A496BC7002B2E20 /* Models */ = {
			isa = PBXGroup;
			children = (
				AD66F0CD1A496BB4002B2E20 /* VOSWineModel.h */,
				AD66F0CE1A496BB4002B2E20 /* VOSWineModel.m */,
				AD24FF101A66D78800882EA8 /* VOSWineryModel.h */,
				AD24FF111A66D78800882EA8 /* VOSWineryModel.m */,
			);
			name = Models;
			sourceTree = "<group>";
		};
		AD66F0D61A4978BE002B2E20 /* Controlers */ = {
			isa = PBXGroup;
			children = (
				AD66F0D11A4978AC002B2E20 /* VOSWineViewController.h */,
				AD66F0D21A4978AC002B2E20 /* VOSWineViewController.m */,
				AD66F0D31A4978AC002B2E20 /* VOSWineViewController.xib */,
				AD64D3791A4D8CA100FD7E64 /* VOSWebViewController.h */,
				AD64D37A1A4D8CA100FD7E64 /* VOSWebViewController.m */,
				AD64D37B1A4D8CA100FD7E64 /* VOSWebViewController.xib */,
				AD2A57651A673A11009DDC38 /* VOSWineryTableViewController.h */,
				AD2A57661A673A11009DDC38 /* VOSWineryTableViewController.m */,
			);
			name = Controlers;
			sourceTree = "<group>";
		};
/* End PBXGroup section */

/* Begin PBXNativeTarget section */
		AD66F0A91A49644E002B2E20 /* Baccus */ = {
			isa = PBXNativeTarget;
			buildConfigurationList = AD66F0C71A49644E002B2E20 /* Build configuration list for PBXNativeTarget "Baccus" */;
			buildPhases = (
				AD66F0A61A49644E002B2E20 /* Sources */,
				AD66F0A71A49644E002B2E20 /* Frameworks */,
				AD66F0A81A49644E002B2E20 /* Resources */,
			);
			buildRules = (
			);
			dependencies = (
			);
			name = Baccus;
			productName = Baccus;
			productReference = AD66F0AA1A49644E002B2E20 /* Baccus.app */;
			productType = "com.apple.product-type.application";
		};
		AD66F0BC1A49644E002B2E20 /* BaccusTests */ = {
			isa = PBXNativeTarget;
			buildConfigurationList = AD66F0CA1A49644E002B2E20 /* Build configuration list for PBXNativeTarget "BaccusTests" */;
			buildPhases = (
				AD66F0B91A49644E002B2E20 /* Sources */,
				AD66F0BA1A49644E002B2E20 /* Frameworks */,
				AD66F0BB1A49644E002B2E20 /* Resources */,
			);
			buildRules = (
			);
			dependencies = (
				AD66F0BF1A49644E002B2E20 /* PBXTargetDependency */,
			);
			name = BaccusTests;
			productName = BaccusTests;
			productReference = AD66F0BD1A49644E002B2E20 /* BaccusTests.xctest */;
			productType = "com.apple.product-type.bundle.unit-test";
		};
/* End PBXNativeTarget section */

/* Begin PBXProject section */
		AD66F0A21A49644E002B2E20 /* Project object */ = {
			isa = PBXProject;
			attributes = {
				LastUpgradeCheck = 0610;
				ORGANIZATIONNAME = "Vicente Oliva de la Serna";
				TargetAttributes = {
					AD66F0A91A49644E002B2E20 = {
						CreatedOnToolsVersion = 6.1.1;
					};
					AD66F0BC1A49644E002B2E20 = {
						CreatedOnToolsVersion = 6.1.1;
						TestTargetID = AD66F0A91A49644E002B2E20;
					};
				};
			};
			buildConfigurationList = AD66F0A51A49644E002B2E20 /* Build configuration list for PBXProject "Baccus" */;
			compatibilityVersion = "Xcode 3.2";
			developmentRegion = English;
			hasScannedForEncodings = 0;
			knownRegions = (
				en,
				Base,
			);
			mainGroup = AD66F0A11A49644E002B2E20;
			productRefGroup = AD66F0AB1A49644E002B2E20 /* Products */;
			projectDirPath = "";
			projectRoot = "";
			targets = (
				AD66F0A91A49644E002B2E20 /* Baccus */,
				AD66F0BC1A49644E002B2E20 /* BaccusTests */,
			);
		};
/* End PBXProject section */

/* Begin PBXResourcesBuildPhase section */
		AD66F0A81A49644E002B2E20 /* Resources */ = {
			isa = PBXResourcesBuildPhase;
			buildActionMask = 2147483647;
			files = (
				AD8579371A517F2100B83478 /* attachment_note_mini@2x.png in Resources */,
				AD64D3751A4D767300FD7E64 /* splitView_score_glass@2x.png in Resources */,
				ADFFFFE01A4EC6AC00A76856 /* comtesDeChampagne.jpg in Resources */,
				AD66F0D51A4978AC002B2E20 /* VOSWineViewController.xib in Resources */,
				AD64D37D1A4D8CA100FD7E64 /* VOSWebViewController.xib in Resources */,
				AD8579351A517E5E00B83478 /* address-book-icon@2x.png in Resources */,
				AD66F0B81A49644E002B2E20 /* LaunchScreen.xib in Resources */,
				ADFFFFE11A4EC6AC00A76856 /* zarate.gif in Resources */,
				AD64D3781A4D781100FD7E64 /* bembibre.jpg in Resources */,
				AD66F0B51A49644E002B2E20 /* Images.xcassets in Resources */,
			);
			runOnlyForDeploymentPostprocessing = 0;
		};
		AD66F0BB1A49644E002B2E20 /* Resources */ = {
			isa = PBXResourcesBuildPhase;
			buildActionMask = 2147483647;
			files = (
			);
			runOnlyForDeploymentPostprocessing = 0;
		};
/* End PBXResourcesBuildPhase section */

/* Begin PBXSourcesBuildPhase section */
		AD66F0A61A49644E002B2E20 /* Sources */ = {
			isa = PBXSourcesBuildPhase;
			buildActionMask = 2147483647;
			files = (
				AD24FF121A66D78800882EA8 /* VOSWineryModel.m in Sources */,
				AD66F0D41A4978AC002B2E20 /* VOSWineViewController.m in Sources */,
				AD66F0B31A49644E002B2E20 /* AppDelegate.m in Sources */,
				AD64D37C1A4D8CA100FD7E64 /* VOSWebViewController.m in Sources */,
				AD66F0CF1A496BB4002B2E20 /* VOSWineModel.m in Sources */,
				AD66F0B01A49644E002B2E20 /* main.m in Sources */,
				AD2A57671A673A11009DDC38 /* VOSWineryTableViewController.m in Sources */,
			);
			runOnlyForDeploymentPostprocessing = 0;
		};
		AD66F0B91A49644E002B2E20 /* Sources */ = {
			isa = PBXSourcesBuildPhase;
			buildActionMask = 2147483647;
			files = (
				AD66F0C41A49644E002B2E20 /* BaccusTests.m in Sources */,
			);
			runOnlyForDeploymentPostprocessing = 0;
		};
/* End PBXSourcesBuildPhase section */

/* Begin PBXTargetDependency section */
		AD66F0BF1A49644E002B2E20 /* PBXTargetDependency */ = {
			isa = PBXTargetDependency;
			target = AD66F0A91A49644E002B2E20 /* Baccus */;
			targetProxy = AD66F0BE1A49644E002B2E20 /* PBXContainerItemProxy */;
		};
/* End PBXTargetDependency section */

/* Begin PBXVariantGroup section */
		AD66F0B61A49644E002B2E20 /* LaunchScreen.xib */ = {
			isa = PBXVariantGroup;
			children = (
				AD66F0B71A49644E002B2E20 /* Base */,
			);
			name = LaunchScreen.xib;
			sourceTree = "<group>";
		};
/* End PBXVariantGroup section */

/* Begin XCBuildConfiguration section */
		AD66F0C51A49644E002B2E20 /* Debug */ = {
			isa = XCBuildConfiguration;
			buildSettings = {
				ALWAYS_SEARCH_USER_PATHS = NO;
				CLANG_CXX_LANGUAGE_STANDARD = "gnu++0x";
				CLANG_CXX_LIBRARY = "libc++";
				CLANG_ENABLE_MODULES = YES;
				CLANG_ENABLE_OBJC_ARC = YES;
				CLANG_WARN_BOOL_CONVERSION = YES;
				CLANG_WARN_CONSTANT_CONVERSION = YES;
				CLANG_WARN_DIRECT_OBJC_ISA_USAGE = YES_ERROR;
				CLANG_WARN_EMPTY_BODY = YES;
				CLANG_WARN_ENUM_CONVERSION = YES;
				CLANG_WARN_INT_CONVERSION = YES;
				CLANG_WARN_OBJC_ROOT_CLASS = YES_ERROR;
				CLANG_WARN_UNREACHABLE_CODE = YES;
				CLANG_WARN__DUPLICATE_METHOD_MATCH = YES;
				"CODE_SIGN_IDENTITY[sdk=iphoneos*]" = "iPhone Developer";
				COPY_PHASE_STRIP = NO;
				ENABLE_STRICT_OBJC_MSGSEND = YES;
				GCC_C_LANGUAGE_STANDARD = gnu99;
				GCC_DYNAMIC_NO_PIC = NO;
				GCC_OPTIMIZATION_LEVEL = 0;
				GCC_PREPROCESSOR_DEFINITIONS = (
					"DEBUG=1",
					"$(inherited)",
				);
				GCC_SYMBOLS_PRIVATE_EXTERN = NO;
				GCC_WARN_64_TO_32_BIT_CONVERSION = YES;
				GCC_WARN_ABOUT_RETURN_TYPE = YES_ERROR;
				GCC_WARN_UNDECLARED_SELECTOR = YES;
				GCC_WARN_UNINITIALIZED_AUTOS = YES_AGGRESSIVE;
				GCC_WARN_UNUSED_FUNCTION = YES;
				GCC_WARN_UNUSED_VARIABLE = YES;
				IPHONEOS_DEPLOYMENT_TARGET = 8.1;
				MTL_ENABLE_DEBUG_INFO = YES;
				ONLY_ACTIVE_ARCH = YES;
				SDKROOT = iphoneos;
				TARGETED_DEVICE_FAMILY = 2;
			};
			name = Debug;
		};
		AD66F0C61A49644E002B2E20 /* Release */ = {
			isa = XCBuildConfiguration;
			buildSettings = {
				ALWAYS_SEARCH_USER_PATHS = NO;
				CLANG_CXX_LANGUAGE_STANDARD = "gnu++0x";
				CLANG_CXX_LIBRARY = "libc++";
				CLANG_ENABLE_MODULES = YES;
				CLANG_ENABLE_OBJC_ARC = YES;
				CLANG_WARN_BOOL_CONVERSION = YES;
				CLANG_WARN_CONSTANT_CONVERSION = YES;
				CLANG_WARN_DIRECT_OBJC_ISA_USAGE = YES_ERROR;
				CLANG_WARN_EMPTY_BODY = YES;
				CLANG_WARN_ENUM_CONVERSION = YES;
				CLANG_WARN_INT_CONVERSION = YES;
				CLANG_WARN_OBJC_ROOT_CLASS = YES_ERROR;
				CLANG_WARN_UNREACHABLE_CODE = YES;
				CLANG_WARN__DUPLICATE_METHOD_MATCH = YES;
				"CODE_SIGN_IDENTITY[sdk=iphoneos*]" = "iPhone Developer";
				COPY_PHASE_STRIP = YES;
				ENABLE_NS_ASSERTIONS = NO;
				ENABLE_STRICT_OBJC_MSGSEND = YES;
				GCC_C_LANGUAGE_STANDARD = gnu99;
				GCC_WARN_64_TO_32_BIT_CONVERSION = YES;
				GCC_WARN_ABOUT_RETURN_TYPE = YES_ERROR;
				GCC_WARN_UNDECLARED_SELECTOR = YES;
				GCC_WARN_UNINITIALIZED_AUTOS = YES_AGGRESSIVE;
				GCC_WARN_UNUSED_FUNCTION = YES;
				GCC_WARN_UNUSED_VARIABLE = YES;
				IPHONEOS_DEPLOYMENT_TARGET = 8.1;
				MTL_ENABLE_DEBUG_INFO = NO;
				SDKROOT = iphoneos;
				TARGETED_DEVICE_FAMILY = 2;
				VALIDATE_PRODUCT = YES;
			};
			name = Release;
		};
		AD66F0C81A49644E002B2E20 /* Debug */ = {
			isa = XCBuildConfiguration;
			buildSettings = {
				ASSETCATALOG_COMPILER_APPICON_NAME = AppIcon;
				INFOPLIST_FILE = Baccus/Info.plist;
				LD_RUNPATH_SEARCH_PATHS = "$(inherited) @executable_path/Frameworks";
				PRODUCT_NAME = "$(TARGET_NAME)";
				TARGETED_DEVICE_FAMILY = "1,2";
			};
			name = Debug;
		};
		AD66F0C91A49644E002B2E20 /* Release */ = {
			isa = XCBuildConfiguration;
			buildSettings = {
				ASSETCATALOG_COMPILER_APPICON_NAME = AppIcon;
				INFOPLIST_FILE = Baccus/Info.plist;
				LD_RUNPATH_SEARCH_PATHS = "$(inherited) @executable_path/Frameworks";
				PRODUCT_NAME = "$(TARGET_NAME)";
				TARGETED_DEVICE_FAMILY = "1,2";
			};
			name = Release;
		};
		AD66F0CB1A49644E002B2E20 /* Debug */ = {
			isa = XCBuildConfiguration;
			buildSettings = {
				BUNDLE_LOADER = "$(TEST_HOST)";
				FRAMEWORK_SEARCH_PATHS = (
					"$(SDKROOT)/Developer/Library/Frameworks",
					"$(inherited)",
				);
				GCC_PREPROCESSOR_DEFINITIONS = (
					"DEBUG=1",
					"$(inherited)",
				);
				INFOPLIST_FILE = BaccusTests/Info.plist;
				LD_RUNPATH_SEARCH_PATHS = "$(inherited) @executable_path/Frameworks @loader_path/Frameworks";
				PRODUCT_NAME = "$(TARGET_NAME)";
				TEST_HOST = "$(BUILT_PRODUCTS_DIR)/Baccus.app/Baccus";
			};
			name = Debug;
		};
		AD66F0CC1A49644E002B2E20 /* Release */ = {
			isa = XCBuildConfiguration;
			buildSettings = {
				BUNDLE_LOADER = "$(TEST_HOST)";
				FRAMEWORK_SEARCH_PATHS = (
					"$(SDKROOT)/Developer/Library/Frameworks",
					"$(inherited)",
				);
				INFOPLIST_FILE = BaccusTests/Info.plist;
				LD_RUNPATH_SEARCH_PATHS = "$(inherited) @executable_path/Frameworks @loader_path/Frameworks";
				PRODUCT_NAME = "$(TARGET_NAME)";
				TEST_HOST = "$(BUILT_PRODUCTS_DIR)/Baccus.app/Baccus";
			};
			name = Release;
		};
/* End XCBuildConfiguration section */

/* Begin XCConfigurationList section */
		AD66F0A51A49644E002B2E20 /* Build configuration list for PBXProject "Baccus" */ = {
			isa = XCConfigurationList;
			buildConfigurations = (
				AD66F0C51A49644E002B2E20 /* Debug */,
				AD66F0C61A49644E002B2E20 /* Release */,
			);
			defaultConfigurationIsVisible = 0;
			defaultConfigurationName = Release;
		};
		AD66F0C71A49644E002B2E20 /* Build configuration list for PBXNativeTarget "Baccus" */ = {
			isa = XCConfigurationList;
			buildConfigurations = (
				AD66F0C81A49644E002B2E20 /* Debug */,
				AD66F0C91A49644E002B2E20 /* Release */,
			);
			defaultConfigurationIsVisible = 0;
			defaultConfigurationName = Release;
		};
		AD66F0CA1A49644E002B2E20 /* Build configuration list for PBXNativeTarget "BaccusTests" */ = {
			isa = XCConfigurationList;
			buildConfigurations = (
				AD66F0CB1A49644E002B2E20 /* Debug */,
				AD66F0CC1A49644E002B2E20 /* Release */,
			);
			defaultConfigurationIsVisible = 0;
			defaultConfigurationName = Release;
		};
/* End XCConfigurationList section */
	};
	rootObject = AD66F0A21A49644E002B2E20 /* Project object */;
}
